{
  "name": "gestion-productos",
  "version": "1.0.0",
  "lockfileVersion": 3,
  "requires": true,
  "packages": {
    "": {
      "name": "gestion-productos",
      "version": "1.0.0",
      "license": "ISC",
      "dependencies": {
        "inversify": "^7.10.8",
        "reflect-metadata": "^0.2.2"
      }
    },
    "node_modules/@inversifyjs/common": {
      "version": "1.5.2",
      "resolved": "https://registry.npmjs.org/@inversifyjs/common/-/common-1.5.2.tgz",
      "integrity": "sha512-WlzR9xGadABS9gtgZQ+luoZ8V6qm4Ii6RQfcfC9Ho2SOlE6ZuemFo7PKJvKI0ikm8cmKbU8hw5UK6E4qovH21w==",
      "license": "MIT"
    },
    "node_modules/@inversifyjs/container": {
      "version": "1.14.5",
      "resolved": "https://registry.npmjs.org/@inversifyjs/container/-/container-1.14.5.tgz",
      "integrity": "sha512-fbNiJc66HaY5QUbIDnONNhwusQQSv8xkf9y54WfuG9v2tqPG8wGLSwt1+cwUtRFHjs1RlQnA6eCd2HuLRZ9r0Q==",
      "license": "MIT",
      "dependencies": {
        "@inversifyjs/common": "1.5.2",
        "@inversifyjs/core": "9.1.2",
        "@inversifyjs/plugin": "0.2.0",
        "@inversifyjs/reflect-metadata-utils": "1.4.1"
      },
      "peerDependencies": {
        "reflect-metadata": "~0.2.2"
      }
    },
    "node_modules/@inversifyjs/core": {
      "version": "9.1.2",
      "resolved": "https://registry.npmjs.org/@inversifyjs/core/-/core-9.1.2.tgz",
      "integrity": "sha512-8baIvwVUliZ6TeaYI0w8XRMTOX3i3AtANolbH/8TazecALIcpLAaiadKOm2yPguac1uCIUznSglOlG411rBTAQ==",
      "license": "MIT",
      "dependencies": {
        "@inversifyjs/common": "1.5.2",
        "@inversifyjs/prototype-utils": "0.1.3",
        "@inversifyjs/reflect-metadata-utils": "1.4.1"
      }
    },
    "node_modules/@inversifyjs/plugin": {
      "version": "0.2.0",
      "resolved": "https://registry.npmjs.org/@inversifyjs/plugin/-/plugin-0.2.0.tgz",
      "integrity": "sha512-R/JAdkTSD819pV1zi0HP54mWHyX+H2m8SxldXRgPQarS3ySV4KPyRdosWcfB8Se0JJZWZLHYiUNiS6JvMWSPjw==",
      "license": "MIT"
    },
    "node_modules/@inversifyjs/prototype-utils": {
      "version": "0.1.3",
      "resolved": "https://registry.npmjs.org/@inversifyjs/prototype-utils/-/prototype-utils-0.1.3.tgz",
      "integrity": "sha512-EzRamZzNgE9Sn3QtZ8NncNa2lpPMZfspqbK6BWFguWnOpK8ymp2TUuH46ruFHZhrHKnknPd7fG22ZV7iF517TQ==",
      "license": "MIT",
      "dependencies": {
        "@inversifyjs/common": "1.5.2"
      }
    },
    "node_modules/@inversifyjs/reflect-metadata-utils": {
      "version": "1.4.1",
      "resolved": "https://registry.npmjs.org/@inversifyjs/reflect-metadata-utils/-/reflect-metadata-utils-1.4.1.tgz",
      "integrity": "sha512-Cp77C4d2wLaHXiUB7iH6Cxb7i1lD/YDuTIHLTDzKINqGSz0DCSoL/Dg2wVkW/6Qx03r/yQMLJ+32Agl32N2X8g==",
      "license": "MIT",
      "peerDependencies": {
        "reflect-metadata": "~0.2.2"
      }
    },
    "node_modules/inversify": {
      "version": "7.10.8",
      "resolved": "https://registry.npmjs.org/inversify/-/inversify-7.10.8.tgz",
      "integrity": "sha512-NF9t4p1j5BtrJjf1jXRlGCXvixjtdu5UFkmye/3zFrITJbB7KvrkNS1vm8yAm8RW07hst4yxpvXGG3JtrQ365w==",
      "license": "MIT",
      "dependencies": {
        "@inversifyjs/common": "1.5.2",
        "@inversifyjs/container": "1.14.5",
        "@inversifyjs/core": "9.1.2"
      }
    },
    "node_modules/reflect-metadata": {
      "version": "0.2.2",
      "resolved": "https://registry.npmjs.org/reflect-metadata/-/reflect-metadata-0.2.2.tgz",
      "integrity": "sha512-urBwgfrvVP/eAyXx4hluJivBKzuEbSQs9rKWCrCkbSxNv8mxPcUZKeuoF3Uy4mJl3Lwprp6yy5/39VWigZ4K6Q==",
      "license": "Apache-2.0",
      "peer": true
    }
  }
}
